
Microsoft Visual Studio Solution File, Format Version 12.00
# Visual Studio 15
Project("{FAE04EC0-301F-11D3-BF4B-00C04F79EFBC}") = "Assembly-CSharp", "Assembly-CSharp.csproj", "{8CEF9B7B-8762-F02C-7F70-556A89332A3F}"
EndProject
Project("{FAE04EC0-301F-11D3-BF4B-00C04F79EFBC}") = "Assembly-CSharp-Editor", "Assembly-CSharp-Editor.csproj", "{4974C797-E5E7-659E-7588-F19D7279B937}"
EndProject
Global
	GlobalSection(SolutionConfigurationPlatforms) = preSolution
		Debug|Any CPU = Debug|Any CPU
		Release|Any CPU = Release|Any CPU
	EndGlobalSection
	GlobalSection(ProjectConfigurationPlatforms) = postSolution
		{8CEF9B7B-8762-F02C-7F70-556A89332A3F}.Debug|Any CPU.ActiveCfg = Debug|Any CPU
		{8CEF9B7B-8762-F02C-7F70-556A89332A3F}.Debug|Any CPU.Build.0 = Debug|Any CPU
		{8CEF9B7B-8762-F02C-7F70-556A89332A3F}.Release|Any CPU.ActiveCfg = Release|Any CPU
		{8CEF9B7B-8762-F02C-7F70-556A89332A3F}.Release|Any CPU.Build.0 = Release|Any CPU
		{4974C797-E5E7-659E-7588-F19D7279B937}.Debug|Any CPU.ActiveCfg = Debug|Any CPU
		{4974C797-E5E7-659E-7588-F19D7279B937}.Debug|Any CPU.Build.0 = Debug|Any CPU
		{4974C797-E5E7-659E-7588-F19D7279B937}.Release|Any CPU.ActiveCfg = Release|Any CPU
		{4974C797-E5E7-659E-7588-F19D7279B937}.Release|Any CPU.Build.0 = Release|Any CPU
	EndGlobalSection
	GlobalSection(SolutionProperties) = preSolution
		HideSolutionNode = FALSE
	EndGlobalSection
EndGlobal
